// !$*UTF8*$!
{
	archiveVersion = 1;
	classes = {
	};
	objectVersion = 56;
	objects = {

/* Begin PBXBuildFile section */
		88A3564A2CCF728A005E2893 /* PlayManittoView.swift in Sources */ = {isa = PBXBuildFile; fileRef = 88A356492CCF728A005E2893 /* PlayManittoView.swift */; };
		88A3564D2CCF73FA005E2893 /* NameTagView.swift in Sources */ = {isa = PBXBuildFile; fileRef = 88A3564C2CCF73FA005E2893 /* NameTagView.swift */; };
		88A3564F2CCF9E1E005E2893 /* PlayManittoBottomView.swift in Sources */ = {isa = PBXBuildFile; fileRef = 88A3564E2CCF9E1E005E2893 /* PlayManittoBottomView.swift */; };
		88A356522CCFB062005E2893 /* CheerType.swift in Sources */ = {isa = PBXBuildFile; fileRef = 88A356512CCFB062005E2893 /* CheerType.swift */; };
		88A356542CCFB24E005E2893 /* ManittoEventStatus.swift in Sources */ = {isa = PBXBuildFile; fileRef = 88A356532CCFB24E005E2893 /* ManittoEventStatus.swift */; };
		88A356562CCFB54F005E2893 /* View+.swift in Sources */ = {isa = PBXBuildFile; fileRef = 88A356552CCFB54F005E2893 /* View+.swift */; };
		88A356592CCFB57E005E2893 /* roundCorner.swift in Sources */ = {isa = PBXBuildFile; fileRef = 88A356582CCFB57E005E2893 /* roundCorner.swift */; };
		88A3565B2CCFB648005E2893 /* YMCapsuleLabel.swift in Sources */ = {isa = PBXBuildFile; fileRef = 88A3565A2CCFB648005E2893 /* YMCapsuleLabel.swift */; };
		88A3565D2CCFB7CD005E2893 /* YMNavigationBar.swift in Sources */ = {isa = PBXBuildFile; fileRef = 88A3565C2CCFB7CD005E2893 /* YMNavigationBar.swift */; };
		88A3565F2CCFC005005E2893 /* PlayManittoViewModel.swift in Sources */ = {isa = PBXBuildFile; fileRef = 88A3565E2CCFC005005E2893 /* PlayManittoViewModel.swift */; };
		88FEBFFC2CD3BA630013B9E1 /* PlayManittoResultView.swift in Sources */ = {isa = PBXBuildFile; fileRef = 88FEBFFB2CD3BA630013B9E1 /* PlayManittoResultView.swift */; };
		9E4F30702CC7CE5F009C59A4 /* TheGreatestYourManito_iOSApp.swift in Sources */ = {isa = PBXBuildFile; fileRef = 9E4F306F2CC7CE5F009C59A4 /* TheGreatestYourManito_iOSApp.swift */; };
		9E4F30722CC7CE5F009C59A4 /* ContentView.swift in Sources */ = {isa = PBXBuildFile; fileRef = 9E4F30712CC7CE5F009C59A4 /* ContentView.swift */; };
		9E4F30742CC7CE61009C59A4 /* Assets.xcassets in Resources */ = {isa = PBXBuildFile; fileRef = 9E4F30732CC7CE61009C59A4 /* Assets.xcassets */; };
		9E4F30772CC7CE61009C59A4 /* Preview Assets.xcassets in Resources */ = {isa = PBXBuildFile; fileRef = 9E4F30762CC7CE61009C59A4 /* Preview Assets.xcassets */; };
		9E4F308A2CC7D484009C59A4 /* Font+.swift in Sources */ = {isa = PBXBuildFile; fileRef = 9E4F30892CC7D484009C59A4 /* Font+.swift */; };
		9E4F30952CC7D686009C59A4 /* Pretendard-Black.otf in Resources */ = {isa = PBXBuildFile; fileRef = 9E4F308B2CC7D686009C59A4 /* Pretendard-Black.otf */; };
		9E4F30962CC7D686009C59A4 /* Pretendard-Bold.otf in Resources */ = {isa = PBXBuildFile; fileRef = 9E4F308C2CC7D686009C59A4 /* Pretendard-Bold.otf */; };
		9E4F30972CC7D686009C59A4 /* Pretendard-ExtraBold.otf in Resources */ = {isa = PBXBuildFile; fileRef = 9E4F308D2CC7D686009C59A4 /* Pretendard-ExtraBold.otf */; };
		9E4F30982CC7D686009C59A4 /* Pretendard-ExtraLight.otf in Resources */ = {isa = PBXBuildFile; fileRef = 9E4F308E2CC7D686009C59A4 /* Pretendard-ExtraLight.otf */; };
		9E4F30992CC7D686009C59A4 /* Pretendard-Light.otf in Resources */ = {isa = PBXBuildFile; fileRef = 9E4F308F2CC7D686009C59A4 /* Pretendard-Light.otf */; };
		9E4F309A2CC7D686009C59A4 /* Pretendard-Medium.otf in Resources */ = {isa = PBXBuildFile; fileRef = 9E4F30902CC7D686009C59A4 /* Pretendard-Medium.otf */; };
		9E4F309B2CC7D686009C59A4 /* Pretendard-Regular.otf in Resources */ = {isa = PBXBuildFile; fileRef = 9E4F30912CC7D686009C59A4 /* Pretendard-Regular.otf */; };
		9E4F309C2CC7D686009C59A4 /* Pretendard-SemiBold.otf in Resources */ = {isa = PBXBuildFile; fileRef = 9E4F30922CC7D686009C59A4 /* Pretendard-SemiBold.otf */; };
		9E4F309D2CC7D686009C59A4 /* Pretendard-Thin.otf in Resources */ = {isa = PBXBuildFile; fileRef = 9E4F30932CC7D686009C59A4 /* Pretendard-Thin.otf */; };
		9E6699752CD368A50053960A /* YMBottomSheet.swift in Sources */ = {isa = PBXBuildFile; fileRef = 9E6699742CD368A50053960A /* YMBottomSheet.swift */; };
		9E6699772CD3CF4D0053960A /* StringLiterals.swift in Sources */ = {isa = PBXBuildFile; fileRef = 9E6699762CD3CF4D0053960A /* StringLiterals.swift */; };
		9E6699792CD3EE7D0053960A /* BottomSheetContentType.swift in Sources */ = {isa = PBXBuildFile; fileRef = 9E6699782CD3EE7D0053960A /* BottomSheetContentType.swift */; };
		9E6FCB052CDABD3500D2A816 /* BeforeJoinRoomView.swift in Sources */ = {isa = PBXBuildFile; fileRef = 9E6FCB042CDABD3500D2A816 /* BeforeJoinRoomView.swift */; };
		9EB811CA2CCE1FFC003C104D /* Moya in Frameworks */ = {isa = PBXBuildFile; productRef = 9EB811C92CCE1FFC003C104D /* Moya */; };
		9EB811CE2CCFB25E003C104D /* YMCircleButton.swift in Sources */ = {isa = PBXBuildFile; fileRef = 9EB811CD2CCFB25E003C104D /* YMCircleButton.swift */; };
		9EB811D02CCFB4BC003C104D /* YMJoinCodeStackView.swift in Sources */ = {isa = PBXBuildFile; fileRef = 9EB811CF2CCFB4BC003C104D /* YMJoinCodeStackView.swift */; };
		9EB811D82CCFBD64003C104D /* AfterJoinRoomView.swift in Sources */ = {isa = PBXBuildFile; fileRef = 9EB811D72CCFBD64003C104D /* AfterJoinRoomView.swift */; };
		9EB811DF2CCFC497003C104D /* AfterJoinRoomBottomView.swift in Sources */ = {isa = PBXBuildFile; fileRef = 9EB811DE2CCFC497003C104D /* AfterJoinRoomBottomView.swift */; };
		9EB811E12CD0CA31003C104D /* JoinMemberModel.swift in Sources */ = {isa = PBXBuildFile; fileRef = 9EB811E02CD0CA31003C104D /* JoinMemberModel.swift */; };
		ED6669EC2CC8CA680005D599 /* YMButton.swift in Sources */ = {isa = PBXBuildFile; fileRef = ED6669EB2CC8CA680005D599 /* YMButton.swift */; };
		ED6669EE2CC8CE950005D599 /* YMTextField.swift in Sources */ = {isa = PBXBuildFile; fileRef = ED6669ED2CC8CE950005D599 /* YMTextField.swift */; };
		ED831DEF2CC8E1A100486C5A /* SignUpView.swift in Sources */ = {isa = PBXBuildFile; fileRef = ED831DEE2CC8E1A100486C5A /* SignUpView.swift */; };
		ED831DF22CC8E1EE00486C5A /* IntroView.swift in Sources */ = {isa = PBXBuildFile; fileRef = ED831DF12CC8E1EE00486C5A /* IntroView.swift */; };
		ED831DF52CCD4A7600486C5A /* MainView.swift in Sources */ = {isa = PBXBuildFile; fileRef = ED831DF42CCD4A7600486C5A /* MainView.swift */; };
		ED831DF72CCD506600486C5A /* RoomCardView.swift in Sources */ = {isa = PBXBuildFile; fileRef = ED831DF62CCD506600486C5A /* RoomCardView.swift */; };
/* End PBXBuildFile section */

/* Begin PBXFileReference section */
		88A356492CCF728A005E2893 /* PlayManittoView.swift */ = {isa = PBXFileReference; lastKnownFileType = sourcecode.swift; path = PlayManittoView.swift; sourceTree = "<group>"; };
		88A3564C2CCF73FA005E2893 /* NameTagView.swift */ = {isa = PBXFileReference; lastKnownFileType = sourcecode.swift; path = NameTagView.swift; sourceTree = "<group>"; };
		88A3564E2CCF9E1E005E2893 /* PlayManittoBottomView.swift */ = {isa = PBXFileReference; lastKnownFileType = sourcecode.swift; path = PlayManittoBottomView.swift; sourceTree = "<group>"; };
		88A356512CCFB062005E2893 /* CheerType.swift */ = {isa = PBXFileReference; lastKnownFileType = sourcecode.swift; path = CheerType.swift; sourceTree = "<group>"; };
		88A356532CCFB24E005E2893 /* ManittoEventStatus.swift */ = {isa = PBXFileReference; lastKnownFileType = sourcecode.swift; path = ManittoEventStatus.swift; sourceTree = "<group>"; };
		88A356552CCFB54F005E2893 /* View+.swift */ = {isa = PBXFileReference; lastKnownFileType = sourcecode.swift; path = "View+.swift"; sourceTree = "<group>"; };
		88A356582CCFB57E005E2893 /* roundCorner.swift */ = {isa = PBXFileReference; lastKnownFileType = sourcecode.swift; path = roundCorner.swift; sourceTree = "<group>"; };
		88A3565A2CCFB648005E2893 /* YMCapsuleLabel.swift */ = {isa = PBXFileReference; lastKnownFileType = sourcecode.swift; path = YMCapsuleLabel.swift; sourceTree = "<group>"; };
		88A3565C2CCFB7CD005E2893 /* YMNavigationBar.swift */ = {isa = PBXFileReference; lastKnownFileType = sourcecode.swift; path = YMNavigationBar.swift; sourceTree = "<group>"; };
		88A3565E2CCFC005005E2893 /* PlayManittoViewModel.swift */ = {isa = PBXFileReference; lastKnownFileType = sourcecode.swift; path = PlayManittoViewModel.swift; sourceTree = "<group>"; };
		88FEBFFB2CD3BA630013B9E1 /* PlayManittoResultView.swift */ = {isa = PBXFileReference; lastKnownFileType = sourcecode.swift; path = PlayManittoResultView.swift; sourceTree = "<group>"; };
		9E4F306C2CC7CE5F009C59A4 /* TheGreatestYourManito-iOS.app */ = {isa = PBXFileReference; explicitFileType = wrapper.application; includeInIndex = 0; path = "TheGreatestYourManito-iOS.app"; sourceTree = BUILT_PRODUCTS_DIR; };
		9E4F306F2CC7CE5F009C59A4 /* TheGreatestYourManito_iOSApp.swift */ = {isa = PBXFileReference; lastKnownFileType = sourcecode.swift; path = TheGreatestYourManito_iOSApp.swift; sourceTree = "<group>"; };
		9E4F30712CC7CE5F009C59A4 /* ContentView.swift */ = {isa = PBXFileReference; lastKnownFileType = sourcecode.swift; path = ContentView.swift; sourceTree = "<group>"; };
		9E4F30732CC7CE61009C59A4 /* Assets.xcassets */ = {isa = PBXFileReference; lastKnownFileType = folder.assetcatalog; path = Assets.xcassets; sourceTree = "<group>"; };
		9E4F30762CC7CE61009C59A4 /* Preview Assets.xcassets */ = {isa = PBXFileReference; lastKnownFileType = folder.assetcatalog; path = "Preview Assets.xcassets"; sourceTree = "<group>"; };
		9E4F30892CC7D484009C59A4 /* Font+.swift */ = {isa = PBXFileReference; lastKnownFileType = sourcecode.swift; path = "Font+.swift"; sourceTree = "<group>"; };
		9E4F308B2CC7D686009C59A4 /* Pretendard-Black.otf */ = {isa = PBXFileReference; lastKnownFileType = file; path = "Pretendard-Black.otf"; sourceTree = "<group>"; };
		9E4F308C2CC7D686009C59A4 /* Pretendard-Bold.otf */ = {isa = PBXFileReference; lastKnownFileType = file; path = "Pretendard-Bold.otf"; sourceTree = "<group>"; };
		9E4F308D2CC7D686009C59A4 /* Pretendard-ExtraBold.otf */ = {isa = PBXFileReference; lastKnownFileType = file; path = "Pretendard-ExtraBold.otf"; sourceTree = "<group>"; };
		9E4F308E2CC7D686009C59A4 /* Pretendard-ExtraLight.otf */ = {isa = PBXFileReference; lastKnownFileType = file; path = "Pretendard-ExtraLight.otf"; sourceTree = "<group>"; };
		9E4F308F2CC7D686009C59A4 /* Pretendard-Light.otf */ = {isa = PBXFileReference; lastKnownFileType = file; path = "Pretendard-Light.otf"; sourceTree = "<group>"; };
		9E4F30902CC7D686009C59A4 /* Pretendard-Medium.otf */ = {isa = PBXFileReference; lastKnownFileType = file; path = "Pretendard-Medium.otf"; sourceTree = "<group>"; };
		9E4F30912CC7D686009C59A4 /* Pretendard-Regular.otf */ = {isa = PBXFileReference; lastKnownFileType = file; path = "Pretendard-Regular.otf"; sourceTree = "<group>"; };
		9E4F30922CC7D686009C59A4 /* Pretendard-SemiBold.otf */ = {isa = PBXFileReference; lastKnownFileType = file; path = "Pretendard-SemiBold.otf"; sourceTree = "<group>"; };
		9E4F30932CC7D686009C59A4 /* Pretendard-Thin.otf */ = {isa = PBXFileReference; lastKnownFileType = file; path = "Pretendard-Thin.otf"; sourceTree = "<group>"; };
		9E6699742CD368A50053960A /* YMBottomSheet.swift */ = {isa = PBXFileReference; lastKnownFileType = sourcecode.swift; path = YMBottomSheet.swift; sourceTree = "<group>"; };
		9E6699762CD3CF4D0053960A /* StringLiterals.swift */ = {isa = PBXFileReference; lastKnownFileType = sourcecode.swift; path = StringLiterals.swift; sourceTree = "<group>"; };
		9E6699782CD3EE7D0053960A /* BottomSheetContentType.swift */ = {isa = PBXFileReference; lastKnownFileType = sourcecode.swift; path = BottomSheetContentType.swift; sourceTree = "<group>"; };
		9E6FCB042CDABD3500D2A816 /* BeforeJoinRoomView.swift */ = {isa = PBXFileReference; lastKnownFileType = sourcecode.swift; path = BeforeJoinRoomView.swift; sourceTree = "<group>"; };
		9EB811CD2CCFB25E003C104D /* YMCircleButton.swift */ = {isa = PBXFileReference; lastKnownFileType = sourcecode.swift; path = YMCircleButton.swift; sourceTree = "<group>"; };
		9EB811CF2CCFB4BC003C104D /* YMJoinCodeStackView.swift */ = {isa = PBXFileReference; lastKnownFileType = sourcecode.swift; path = YMJoinCodeStackView.swift; sourceTree = "<group>"; };
		9EB811D72CCFBD64003C104D /* AfterJoinRoomView.swift */ = {isa = PBXFileReference; lastKnownFileType = sourcecode.swift; path = AfterJoinRoomView.swift; sourceTree = "<group>"; };
		9EB811DE2CCFC497003C104D /* AfterJoinRoomBottomView.swift */ = {isa = PBXFileReference; lastKnownFileType = sourcecode.swift; path = AfterJoinRoomBottomView.swift; sourceTree = "<group>"; };
		9EB811E02CD0CA31003C104D /* JoinMemberModel.swift */ = {isa = PBXFileReference; lastKnownFileType = sourcecode.swift; path = JoinMemberModel.swift; sourceTree = "<group>"; };
		ED6669EB2CC8CA680005D599 /* YMButton.swift */ = {isa = PBXFileReference; lastKnownFileType = sourcecode.swift; path = YMButton.swift; sourceTree = "<group>"; };
		ED6669ED2CC8CE950005D599 /* YMTextField.swift */ = {isa = PBXFileReference; lastKnownFileType = sourcecode.swift; path = YMTextField.swift; sourceTree = "<group>"; };
		ED831DEE2CC8E1A100486C5A /* SignUpView.swift */ = {isa = PBXFileReference; lastKnownFileType = sourcecode.swift; path = SignUpView.swift; sourceTree = "<group>"; };
		ED831DF12CC8E1EE00486C5A /* IntroView.swift */ = {isa = PBXFileReference; lastKnownFileType = sourcecode.swift; path = IntroView.swift; sourceTree = "<group>"; };
		ED831DF42CCD4A7600486C5A /* MainView.swift */ = {isa = PBXFileReference; lastKnownFileType = sourcecode.swift; path = MainView.swift; sourceTree = "<group>"; };
		ED831DF62CCD506600486C5A /* RoomCardView.swift */ = {isa = PBXFileReference; lastKnownFileType = sourcecode.swift; path = RoomCardView.swift; sourceTree = "<group>"; };
/* End PBXFileReference section */

/* Begin PBXFrameworksBuildPhase section */
		9E4F30692CC7CE5F009C59A4 /* Frameworks */ = {
			isa = PBXFrameworksBuildPhase;
			buildActionMask = 2147483647;
			files = (
				9EB811CA2CCE1FFC003C104D /* Moya in Frameworks */,
			);
			runOnlyForDeploymentPostprocessing = 0;
		};
/* End PBXFrameworksBuildPhase section */

/* Begin PBXGroup section */
		88A356472CCF723C005E2893 /* Participate */ = {
			isa = PBXGroup;
			children = (
				88A356482CCF727A005E2893 /* PlayManitto */,
			);
			path = Participate;
			sourceTree = "<group>";
		};
		88A356482CCF727A005E2893 /* PlayManitto */ = {
			isa = PBXGroup;
			children = (
				88A3564B2CCF73EB005E2893 /* SubView */,
				88A356492CCF728A005E2893 /* PlayManittoView.swift */,
				88A3565E2CCFC005005E2893 /* PlayManittoViewModel.swift */,
				88FEBFFB2CD3BA630013B9E1 /* PlayManittoResultView.swift */,
			);
			path = PlayManitto;
			sourceTree = "<group>";
		};
		88A3564B2CCF73EB005E2893 /* SubView */ = {
			isa = PBXGroup;
			children = (
				88A3564C2CCF73FA005E2893 /* NameTagView.swift */,
				88A3564E2CCF9E1E005E2893 /* PlayManittoBottomView.swift */,
			);
			path = SubView;
			sourceTree = "<group>";
		};
		88A356502CCFB009005E2893 /* Model */ = {
			isa = PBXGroup;
			children = (
				88A356512CCFB062005E2893 /* CheerType.swift */,
				88A356532CCFB24E005E2893 /* ManittoEventStatus.swift */,
				9E6699782CD3EE7D0053960A /* BottomSheetContentType.swift */,
			);
			path = Model;
			sourceTree = "<group>";
		};
		9E4F30632CC7CE5E009C59A4 = {
			isa = PBXGroup;
			children = (
				9E4F306E2CC7CE5F009C59A4 /* TheGreatestYourManito-iOS */,
				9E4F306D2CC7CE5F009C59A4 /* Products */,
			);
			sourceTree = "<group>";
		};
		9E4F306D2CC7CE5F009C59A4 /* Products */ = {
			isa = PBXGroup;
			children = (
				9E4F306C2CC7CE5F009C59A4 /* TheGreatestYourManito-iOS.app */,
			);
			name = Products;
			sourceTree = "<group>";
		};
		9E4F306E2CC7CE5F009C59A4 /* TheGreatestYourManito-iOS */ = {
			isa = PBXGroup;
			children = (
				9E4F307D2CC7CEF2009C59A4 /* Application */,
				9E4F307F2CC7CF5D009C59A4 /* Network */,
				9E4F307E2CC7CF22009C59A4 /* Global */,
				9E4F30872CC7D0A2009C59A4 /* Presentation */,
				9E4F30712CC7CE5F009C59A4 /* ContentView.swift */,
				9E4F30752CC7CE61009C59A4 /* Preview Content */,
			);
			path = "TheGreatestYourManito-iOS";
			sourceTree = "<group>";
		};
		9E4F30752CC7CE61009C59A4 /* Preview Content */ = {
			isa = PBXGroup;
			children = (
				9E4F30762CC7CE61009C59A4 /* Preview Assets.xcassets */,
			);
			path = "Preview Content";
			sourceTree = "<group>";
		};
		9E4F307D2CC7CEF2009C59A4 /* Application */ = {
			isa = PBXGroup;
			children = (
				88A356502CCFB009005E2893 /* Model */,
				9E4F306F2CC7CE5F009C59A4 /* TheGreatestYourManito_iOSApp.swift */,
			);
			path = Application;
			sourceTree = "<group>";
		};
		9E4F307E2CC7CF22009C59A4 /* Global */ = {
			isa = PBXGroup;
			children = (
				9E4F30862CC7D08B009C59A4 /* Extension */,
				9E4F30852CC7D049009C59A4 /* Literal */,
				9E4F30842CC7D043009C59A4 /* Resource */,
				9E4F30832CC7D039009C59A4 /* Utility */,
			);
			path = Global;
			sourceTree = "<group>";
		};
		9E4F307F2CC7CF5D009C59A4 /* Network */ = {
			isa = PBXGroup;
			children = (
				9E4F30802CC7CFE8009C59A4 /* Base */,
				9E4F30812CC7CFF8009C59A4 /* DTO */,
				9E4F30822CC7D005009C59A4 /* Router */,
			);
			path = Network;
			sourceTree = "<group>";
		};
		9E4F30802CC7CFE8009C59A4 /* Base */ = {
			isa = PBXGroup;
			children = (
			);
			path = Base;
			sourceTree = "<group>";
		};
		9E4F30812CC7CFF8009C59A4 /* DTO */ = {
			isa = PBXGroup;
			children = (
			);
			path = DTO;
			sourceTree = "<group>";
		};
		9E4F30822CC7D005009C59A4 /* Router */ = {
			isa = PBXGroup;
			children = (
			);
			path = Router;
			sourceTree = "<group>";
		};
		9E4F30832CC7D039009C59A4 /* Utility */ = {
			isa = PBXGroup;
			children = (
				88A356582CCFB57E005E2893 /* roundCorner.swift */,
			);
			path = Utility;
			sourceTree = "<group>";
		};
		9E4F30842CC7D043009C59A4 /* Resource */ = {
			isa = PBXGroup;
			children = (
				9E4F30732CC7CE61009C59A4 /* Assets.xcassets */,
			);
			path = Resource;
			sourceTree = "<group>";
		};
		9E4F30852CC7D049009C59A4 /* Literal */ = {
			isa = PBXGroup;
			children = (
				9E4F30942CC7D686009C59A4 /* Font */,
				9E6699762CD3CF4D0053960A /* StringLiterals.swift */,
			);
			path = Literal;
			sourceTree = "<group>";
		};
		9E4F30862CC7D08B009C59A4 /* Extension */ = {
			isa = PBXGroup;
			children = (
				9E4F30892CC7D484009C59A4 /* Font+.swift */,
				88A356552CCFB54F005E2893 /* View+.swift */,
			);
			path = Extension;
			sourceTree = "<group>";
		};
		9E4F30872CC7D0A2009C59A4 /* Presentation */ = {
			isa = PBXGroup;
			children = (
				9E6FCAFB2CDA7E4E00D2A816 /* BeforeJoinRoom */,
				9EB811D12CCFBC73003C104D /* AfterJoinRoom */,
				ED831DF32CCD4A6900486C5A /* Main */,
				88A356472CCF723C005E2893 /* Participate */,
				ED831DF02CC8E1D700486C5A /* Intro */,
				ED831DED2CC8E18500486C5A /* SignUp */,
				9E4F30882CC7D0C4009C59A4 /* Components */,
			);
			path = Presentation;
			sourceTree = "<group>";
		};
		9E4F30882CC7D0C4009C59A4 /* Components */ = {
			isa = PBXGroup;
			children = (
				ED6669EB2CC8CA680005D599 /* YMButton.swift */,
				ED6669ED2CC8CE950005D599 /* YMTextField.swift */,
				ED831DF62CCD506600486C5A /* RoomCardView.swift */,
				88A3565A2CCFB648005E2893 /* YMCapsuleLabel.swift */,
				88A3565C2CCFB7CD005E2893 /* YMNavigationBar.swift */,
				9EB811CD2CCFB25E003C104D /* YMCircleButton.swift */,
				9EB811CF2CCFB4BC003C104D /* YMJoinCodeStackView.swift */,
				9E6699742CD368A50053960A /* YMBottomSheet.swift */,
			);
			path = Components;
			sourceTree = "<group>";
		};
		9E4F30942CC7D686009C59A4 /* Font */ = {
			isa = PBXGroup;
			children = (
				9E4F308B2CC7D686009C59A4 /* Pretendard-Black.otf */,
				9E4F308C2CC7D686009C59A4 /* Pretendard-Bold.otf */,
				9E4F308D2CC7D686009C59A4 /* Pretendard-ExtraBold.otf */,
				9E4F308E2CC7D686009C59A4 /* Pretendard-ExtraLight.otf */,
				9E4F308F2CC7D686009C59A4 /* Pretendard-Light.otf */,
				9E4F30902CC7D686009C59A4 /* Pretendard-Medium.otf */,
				9E4F30912CC7D686009C59A4 /* Pretendard-Regular.otf */,
				9E4F30922CC7D686009C59A4 /* Pretendard-SemiBold.otf */,
				9E4F30932CC7D686009C59A4 /* Pretendard-Thin.otf */,
			);
			path = Font;
			sourceTree = "<group>";
		};
		9E6FCAFB2CDA7E4E00D2A816 /* BeforeJoinRoom */ = {
			isa = PBXGroup;
			children = (
				9E6FCB042CDABD3500D2A816 /* BeforeJoinRoomView.swift */,
			);
			path = BeforeJoinRoom;
			sourceTree = "<group>";
		};
		9EB811D12CCFBC73003C104D /* AfterJoinRoom */ = {
			isa = PBXGroup;
			children = (
				9EB811D72CCFBD64003C104D /* AfterJoinRoomView.swift */,
				9EB811E02CD0CA31003C104D /* JoinMemberModel.swift */,
				9EB811D92CCFC3BE003C104D /* SubViews */,
			);
			path = AfterJoinRoom;
			sourceTree = "<group>";
		};
		9EB811D92CCFC3BE003C104D /* SubViews */ = {
			isa = PBXGroup;
			children = (
				9EB811DE2CCFC497003C104D /* AfterJoinRoomBottomView.swift */,
			);
			path = SubViews;
			sourceTree = "<group>";
		};
		ED831DEC2CC8E0AC00486C5A /* Views */ = {
			isa = PBXGroup;
			children = (
				ED831DEE2CC8E1A100486C5A /* SignUpView.swift */,
			);
			path = Views;
			sourceTree = "<group>";
		};
		ED831DED2CC8E18500486C5A /* SignUp */ = {
			isa = PBXGroup;
			children = (
				ED831DEC2CC8E0AC00486C5A /* Views */,
			);
			path = SignUp;
			sourceTree = "<group>";
		};
		ED831DF02CC8E1D700486C5A /* Intro */ = {
			isa = PBXGroup;
			children = (
				ED831DF12CC8E1EE00486C5A /* IntroView.swift */,
			);
			path = Intro;
			sourceTree = "<group>";
		};
		ED831DF32CCD4A6900486C5A /* Main */ = {
			isa = PBXGroup;
			children = (
				ED831DF42CCD4A7600486C5A /* MainView.swift */,
			);
			path = Main;
			sourceTree = "<group>";
		};
/* End PBXGroup section */

/* Begin PBXNativeTarget section */
		9E4F306B2CC7CE5F009C59A4 /* TheGreatestYourManito-iOS */ = {
			isa = PBXNativeTarget;
			buildConfigurationList = 9E4F307A2CC7CE61009C59A4 /* Build configuration list for PBXNativeTarget "TheGreatestYourManito-iOS" */;
			buildPhases = (
				9E4F30682CC7CE5F009C59A4 /* Sources */,
				9E4F30692CC7CE5F009C59A4 /* Frameworks */,
				9E4F306A2CC7CE5F009C59A4 /* Resources */,
			);
			buildRules = (
			);
			dependencies = (
			);
			name = "TheGreatestYourManito-iOS";
			packageProductDependencies = (
				9EB811C92CCE1FFC003C104D /* Moya */,
			);
			productName = "TheGreatestYourManito-iOS";
			productReference = 9E4F306C2CC7CE5F009C59A4 /* TheGreatestYourManito-iOS.app */;
			productType = "com.apple.product-type.application";
		};
/* End PBXNativeTarget section */

/* Begin PBXProject section */
		9E4F30642CC7CE5E009C59A4 /* Project object */ = {
			isa = PBXProject;
			attributes = {
				BuildIndependentTargetsInParallel = 1;
				LastSwiftUpdateCheck = 1530;
				LastUpgradeCheck = 1530;
				TargetAttributes = {
					9E4F306B2CC7CE5F009C59A4 = {
						CreatedOnToolsVersion = 15.3;
					};
				};
			};
			buildConfigurationList = 9E4F30672CC7CE5E009C59A4 /* Build configuration list for PBXProject "TheGreatestYourManito-iOS" */;
			compatibilityVersion = "Xcode 14.0";
			developmentRegion = en;
			hasScannedForEncodings = 0;
			knownRegions = (
				en,
				Base,
			);
			mainGroup = 9E4F30632CC7CE5E009C59A4;
			packageReferences = (
				9EB811C82CCE1FFC003C104D /* XCRemoteSwiftPackageReference "Moya" */,
			);
			productRefGroup = 9E4F306D2CC7CE5F009C59A4 /* Products */;
			projectDirPath = "";
			projectRoot = "";
			targets = (
				9E4F306B2CC7CE5F009C59A4 /* TheGreatestYourManito-iOS */,
			);
		};
/* End PBXProject section */

/* Begin PBXResourcesBuildPhase section */
		9E4F306A2CC7CE5F009C59A4 /* Resources */ = {
			isa = PBXResourcesBuildPhase;
			buildActionMask = 2147483647;
			files = (
				9E4F30982CC7D686009C59A4 /* Pretendard-ExtraLight.otf in Resources */,
				9E4F30772CC7CE61009C59A4 /* Preview Assets.xcassets in Resources */,
				9E4F30962CC7D686009C59A4 /* Pretendard-Bold.otf in Resources */,
				9E4F309A2CC7D686009C59A4 /* Pretendard-Medium.otf in Resources */,
				9E4F309B2CC7D686009C59A4 /* Pretendard-Regular.otf in Resources */,
				9E4F30972CC7D686009C59A4 /* Pretendard-ExtraBold.otf in Resources */,
				9E4F30992CC7D686009C59A4 /* Pretendard-Light.otf in Resources */,
				9E4F309C2CC7D686009C59A4 /* Pretendard-SemiBold.otf in Resources */,
				9E4F30952CC7D686009C59A4 /* Pretendard-Black.otf in Resources */,
				9E4F309D2CC7D686009C59A4 /* Pretendard-Thin.otf in Resources */,
				9E4F30742CC7CE61009C59A4 /* Assets.xcassets in Resources */,
			);
			runOnlyForDeploymentPostprocessing = 0;
		};
/* End PBXResourcesBuildPhase section */

/* Begin PBXSourcesBuildPhase section */
		9E4F30682CC7CE5F009C59A4 /* Sources */ = {
			isa = PBXSourcesBuildPhase;
			buildActionMask = 2147483647;
			files = (
				9E6699792CD3EE7D0053960A /* BottomSheetContentType.swift in Sources */,
				ED831DF22CC8E1EE00486C5A /* IntroView.swift in Sources */,
				ED831DF52CCD4A7600486C5A /* MainView.swift in Sources */,
				9E6699772CD3CF4D0053960A /* StringLiterals.swift in Sources */,
				88A356542CCFB24E005E2893 /* ManittoEventStatus.swift in Sources */,
				9E4F30722CC7CE5F009C59A4 /* ContentView.swift in Sources */,
				88A3565B2CCFB648005E2893 /* YMCapsuleLabel.swift in Sources */,
				9EB811DF2CCFC497003C104D /* AfterJoinRoomBottomView.swift in Sources */,
				9EB811D82CCFBD64003C104D /* AfterJoinRoomView.swift in Sources */,
				9EB811D02CCFB4BC003C104D /* YMJoinCodeStackView.swift in Sources */,
				9EB811E12CD0CA31003C104D /* JoinMemberModel.swift in Sources */,
				ED6669EC2CC8CA680005D599 /* YMButton.swift in Sources */,
				9EB811CE2CCFB25E003C104D /* YMCircleButton.swift in Sources */,
				9E4F308A2CC7D484009C59A4 /* Font+.swift in Sources */,
				9E6FCB052CDABD3500D2A816 /* BeforeJoinRoomView.swift in Sources */,
				88A3565F2CCFC005005E2893 /* PlayManittoViewModel.swift in Sources */,
				9E4F30702CC7CE5F009C59A4 /* TheGreatestYourManito_iOSApp.swift in Sources */,
				88FEBFFC2CD3BA630013B9E1 /* PlayManittoResultView.swift in Sources */,
				88A3564A2CCF728A005E2893 /* PlayManittoView.swift in Sources */,
				88A3564F2CCF9E1E005E2893 /* PlayManittoBottomView.swift in Sources */,
				88A3565D2CCFB7CD005E2893 /* YMNavigationBar.swift in Sources */,
				88A356562CCFB54F005E2893 /* View+.swift in Sources */,
				88A356522CCFB062005E2893 /* CheerType.swift in Sources */,
				9E6699752CD368A50053960A /* YMBottomSheet.swift in Sources */,
				ED831DEF2CC8E1A100486C5A /* SignUpView.swift in Sources */,
				88A356592CCFB57E005E2893 /* roundCorner.swift in Sources */,
				ED6669EE2CC8CE950005D599 /* YMTextField.swift in Sources */,
				ED831DF72CCD506600486C5A /* RoomCardView.swift in Sources */,
				88A3564D2CCF73FA005E2893 /* NameTagView.swift in Sources */,
			);
			runOnlyForDeploymentPostprocessing = 0;
		};
/* End PBXSourcesBuildPhase section */

/* Begin XCBuildConfiguration section */
		9E4F30782CC7CE61009C59A4 /* Debug */ = {
			isa = XCBuildConfiguration;
			buildSettings = {
				ALWAYS_SEARCH_USER_PATHS = NO;
				ASSETCATALOG_COMPILER_GENERATE_SWIFT_ASSET_SYMBOL_EXTENSIONS = YES;
				CLANG_ANALYZER_NONNULL = YES;
				CLANG_ANALYZER_NUMBER_OBJECT_CONVERSION = YES_AGGRESSIVE;
				CLANG_CXX_LANGUAGE_STANDARD = "gnu++20";
				CLANG_ENABLE_MODULES = YES;
				CLANG_ENABLE_OBJC_ARC = YES;
				CLANG_ENABLE_OBJC_WEAK = YES;
				CLANG_WARN_BLOCK_CAPTURE_AUTORELEASING = YES;
				CLANG_WARN_BOOL_CONVERSION = YES;
				CLANG_WARN_COMMA = YES;
				CLANG_WARN_CONSTANT_CONVERSION = YES;
				CLANG_WARN_DEPRECATED_OBJC_IMPLEMENTATIONS = YES;
				CLANG_WARN_DIRECT_OBJC_ISA_USAGE = YES_ERROR;
				CLANG_WARN_DOCUMENTATION_COMMENTS = YES;
				CLANG_WARN_EMPTY_BODY = YES;
				CLANG_WARN_ENUM_CONVERSION = YES;
				CLANG_WARN_INFINITE_RECURSION = YES;
				CLANG_WARN_INT_CONVERSION = YES;
				CLANG_WARN_NON_LITERAL_NULL_CONVERSION = YES;
				CLANG_WARN_OBJC_IMPLICIT_RETAIN_SELF = YES;
				CLANG_WARN_OBJC_LITERAL_CONVERSION = YES;
				CLANG_WARN_OBJC_ROOT_CLASS = YES_ERROR;
				CLANG_WARN_QUOTED_INCLUDE_IN_FRAMEWORK_HEADER = YES;
				CLANG_WARN_RANGE_LOOP_ANALYSIS = YES;
				CLANG_WARN_STRICT_PROTOTYPES = YES;
				CLANG_WARN_SUSPICIOUS_MOVE = YES;
				CLANG_WARN_UNGUARDED_AVAILABILITY = YES_AGGRESSIVE;
				CLANG_WARN_UNREACHABLE_CODE = YES;
				CLANG_WARN__DUPLICATE_METHOD_MATCH = YES;
				COPY_PHASE_STRIP = NO;
				DEBUG_INFORMATION_FORMAT = dwarf;
				ENABLE_STRICT_OBJC_MSGSEND = YES;
				ENABLE_TESTABILITY = YES;
				ENABLE_USER_SCRIPT_SANDBOXING = YES;
				GCC_C_LANGUAGE_STANDARD = gnu17;
				GCC_DYNAMIC_NO_PIC = NO;
				GCC_NO_COMMON_BLOCKS = YES;
				GCC_OPTIMIZATION_LEVEL = 0;
				GCC_PREPROCESSOR_DEFINITIONS = (
					"DEBUG=1",
					"$(inherited)",
				);
				GCC_WARN_64_TO_32_BIT_CONVERSION = YES;
				GCC_WARN_ABOUT_RETURN_TYPE = YES_ERROR;
				GCC_WARN_UNDECLARED_SELECTOR = YES;
				GCC_WARN_UNINITIALIZED_AUTOS = YES_AGGRESSIVE;
				GCC_WARN_UNUSED_FUNCTION = YES;
				GCC_WARN_UNUSED_VARIABLE = YES;
				IPHONEOS_DEPLOYMENT_TARGET = 17.0;
				LOCALIZATION_PREFERS_STRING_CATALOGS = YES;
				MTL_ENABLE_DEBUG_INFO = INCLUDE_SOURCE;
				MTL_FAST_MATH = YES;
				ONLY_ACTIVE_ARCH = YES;
				SDKROOT = iphoneos;
				SWIFT_ACTIVE_COMPILATION_CONDITIONS = "DEBUG $(inherited)";
				SWIFT_OPTIMIZATION_LEVEL = "-Onone";
			};
			name = Debug;
		};
		9E4F30792CC7CE61009C59A4 /* Release */ = {
			isa = XCBuildConfiguration;
			buildSettings = {
				ALWAYS_SEARCH_USER_PATHS = NO;
				ASSETCATALOG_COMPILER_GENERATE_SWIFT_ASSET_SYMBOL_EXTENSIONS = YES;
				CLANG_ANALYZER_NONNULL = YES;
				CLANG_ANALYZER_NUMBER_OBJECT_CONVERSION = YES_AGGRESSIVE;
				CLANG_CXX_LANGUAGE_STANDARD = "gnu++20";
				CLANG_ENABLE_MODULES = YES;
				CLANG_ENABLE_OBJC_ARC = YES;
				CLANG_ENABLE_OBJC_WEAK = YES;
				CLANG_WARN_BLOCK_CAPTURE_AUTORELEASING = YES;
				CLANG_WARN_BOOL_CONVERSION = YES;
				CLANG_WARN_COMMA = YES;
				CLANG_WARN_CONSTANT_CONVERSION = YES;
				CLANG_WARN_DEPRECATED_OBJC_IMPLEMENTATIONS = YES;
				CLANG_WARN_DIRECT_OBJC_ISA_USAGE = YES_ERROR;
				CLANG_WARN_DOCUMENTATION_COMMENTS = YES;
				CLANG_WARN_EMPTY_BODY = YES;
				CLANG_WARN_ENUM_CONVERSION = YES;
				CLANG_WARN_INFINITE_RECURSION = YES;
				CLANG_WARN_INT_CONVERSION = YES;
				CLANG_WARN_NON_LITERAL_NULL_CONVERSION = YES;
				CLANG_WARN_OBJC_IMPLICIT_RETAIN_SELF = YES;
				CLANG_WARN_OBJC_LITERAL_CONVERSION = YES;
				CLANG_WARN_OBJC_ROOT_CLASS = YES_ERROR;
				CLANG_WARN_QUOTED_INCLUDE_IN_FRAMEWORK_HEADER = YES;
				CLANG_WARN_RANGE_LOOP_ANALYSIS = YES;
				CLANG_WARN_STRICT_PROTOTYPES = YES;
				CLANG_WARN_SUSPICIOUS_MOVE = YES;
				CLANG_WARN_UNGUARDED_AVAILABILITY = YES_AGGRESSIVE;
				CLANG_WARN_UNREACHABLE_CODE = YES;
				CLANG_WARN__DUPLICATE_METHOD_MATCH = YES;
				COPY_PHASE_STRIP = NO;
				DEBUG_INFORMATION_FORMAT = "dwarf-with-dsym";
				ENABLE_NS_ASSERTIONS = NO;
				ENABLE_STRICT_OBJC_MSGSEND = YES;
				ENABLE_USER_SCRIPT_SANDBOXING = YES;
				GCC_C_LANGUAGE_STANDARD = gnu17;
				GCC_NO_COMMON_BLOCKS = YES;
				GCC_WARN_64_TO_32_BIT_CONVERSION = YES;
				GCC_WARN_ABOUT_RETURN_TYPE = YES_ERROR;
				GCC_WARN_UNDECLARED_SELECTOR = YES;
				GCC_WARN_UNINITIALIZED_AUTOS = YES_AGGRESSIVE;
				GCC_WARN_UNUSED_FUNCTION = YES;
				GCC_WARN_UNUSED_VARIABLE = YES;
				IPHONEOS_DEPLOYMENT_TARGET = 17.0;
				LOCALIZATION_PREFERS_STRING_CATALOGS = YES;
				MTL_ENABLE_DEBUG_INFO = NO;
				MTL_FAST_MATH = YES;
				SDKROOT = iphoneos;
				SWIFT_COMPILATION_MODE = wholemodule;
				VALIDATE_PRODUCT = YES;
			};
			name = Release;
		};
		9E4F307B2CC7CE61009C59A4 /* Debug */ = {
			isa = XCBuildConfiguration;
			buildSettings = {
				ASSETCATALOG_COMPILER_APPICON_NAME = AppIcon;
				ASSETCATALOG_COMPILER_GLOBAL_ACCENT_COLOR_NAME = AccentColor;
				CODE_SIGN_IDENTITY = "Apple Development";
				CODE_SIGN_STYLE = Automatic;
				CURRENT_PROJECT_VERSION = 1;
				DEVELOPMENT_ASSET_PATHS = "\"TheGreatestYourManito-iOS/Preview Content\"";
				DEVELOPMENT_TEAM = A95XXD5WT7;
				ENABLE_PREVIEWS = YES;
				GENERATE_INFOPLIST_FILE = YES;
				INFOPLIST_FILE = "TheGreatestYourManito-iOS/Info.plist";
				INFOPLIST_KEY_LSApplicationCategoryType = "";
				INFOPLIST_KEY_UIApplicationSceneManifest_Generation = YES;
				INFOPLIST_KEY_UIApplicationSupportsIndirectInputEvents = YES;
				INFOPLIST_KEY_UILaunchScreen_Generation = YES;
				INFOPLIST_KEY_UISupportedInterfaceOrientations_iPad = "UIInterfaceOrientationPortrait UIInterfaceOrientationPortraitUpsideDown UIInterfaceOrientationLandscapeLeft UIInterfaceOrientationLandscapeRight";
				INFOPLIST_KEY_UISupportedInterfaceOrientations_iPhone = "UIInterfaceOrientationPortrait UIInterfaceOrientationLandscapeLeft UIInterfaceOrientationLandscapeRight";
				IPHONEOS_DEPLOYMENT_TARGET = 17.0;
				LD_RUNPATH_SEARCH_PATHS = (
					"$(inherited)",
					"@executable_path/Frameworks",
				);
				MARKETING_VERSION = 1.0;
				PRODUCT_BUNDLE_IDENTIFIER = "com.test.TheGreatestYourManito-iOS";
				PRODUCT_NAME = "$(TARGET_NAME)";
				PROVISIONING_PROFILE_SPECIFIER = "";
				SUPPORTED_PLATFORMS = "iphoneos iphonesimulator";
				SUPPORTS_MACCATALYST = NO;
				SUPPORTS_MAC_DESIGNED_FOR_IPHONE_IPAD = NO;
				SUPPORTS_XR_DESIGNED_FOR_IPHONE_IPAD = NO;
				SWIFT_EMIT_LOC_STRINGS = YES;
				SWIFT_VERSION = 5.0;
				TARGETED_DEVICE_FAMILY = 1;
			};
			name = Debug;
		};
		9E4F307C2CC7CE61009C59A4 /* Release */ = {
			isa = XCBuildConfiguration;
			buildSettings = {
				ASSETCATALOG_COMPILER_APPICON_NAME = AppIcon;
				ASSETCATALOG_COMPILER_GLOBAL_ACCENT_COLOR_NAME = AccentColor;
				CODE_SIGN_IDENTITY = "Apple Development";
				CODE_SIGN_STYLE = Automatic;
				CURRENT_PROJECT_VERSION = 1;
				DEVELOPMENT_ASSET_PATHS = "\"TheGreatestYourManito-iOS/Preview Content\"";
				DEVELOPMENT_TEAM = A95XXD5WT7;
				ENABLE_PREVIEWS = YES;
				GENERATE_INFOPLIST_FILE = YES;
				INFOPLIST_FILE = "TheGreatestYourManito-iOS/Info.plist";
				INFOPLIST_KEY_LSApplicationCategoryType = "";
				INFOPLIST_KEY_UIApplicationSceneManifest_Generation = YES;
				INFOPLIST_KEY_UIApplicationSupportsIndirectInputEvents = YES;
				INFOPLIST_KEY_UILaunchScreen_Generation = YES;
				INFOPLIST_KEY_UISupportedInterfaceOrientations_iPad = "UIInterfaceOrientationPortrait UIInterfaceOrientationPortraitUpsideDown UIInterfaceOrientationLandscapeLeft UIInterfaceOrientationLandscapeRight";
				INFOPLIST_KEY_UISupportedInterfaceOrientations_iPhone = "UIInterfaceOrientationPortrait UIInterfaceOrientationLandscapeLeft UIInterfaceOrientationLandscapeRight";
				IPHONEOS_DEPLOYMENT_TARGET = 17.0;
				LD_RUNPATH_SEARCH_PATHS = (
					"$(inherited)",
					"@executable_path/Frameworks",
				);
				MARKETING_VERSION = 1.0;
				PRODUCT_BUNDLE_IDENTIFIER = "com.test.TheGreatestYourManito-iOS";
				PRODUCT_NAME = "$(TARGET_NAME)";
				PROVISIONING_PROFILE_SPECIFIER = "";
				SUPPORTED_PLATFORMS = "iphoneos iphonesimulator";
				SUPPORTS_MACCATALYST = NO;
				SUPPORTS_MAC_DESIGNED_FOR_IPHONE_IPAD = NO;
				SUPPORTS_XR_DESIGNED_FOR_IPHONE_IPAD = NO;
				SWIFT_EMIT_LOC_STRINGS = YES;
				SWIFT_VERSION = 5.0;
				TARGETED_DEVICE_FAMILY = 1;
			};
			name = Release;
		};
/* End XCBuildConfiguration section */

/* Begin XCConfigurationList section */
		9E4F30672CC7CE5E009C59A4 /* Build configuration list for PBXProject "TheGreatestYourManito-iOS" */ = {
			isa = XCConfigurationList;
			buildConfigurations = (
				9E4F30782CC7CE61009C59A4 /* Debug */,
				9E4F30792CC7CE61009C59A4 /* Release */,
			);
			defaultConfigurationIsVisible = 0;
			defaultConfigurationName = Release;
		};
		9E4F307A2CC7CE61009C59A4 /* Build configuration list for PBXNativeTarget "TheGreatestYourManito-iOS" */ = {
			isa = XCConfigurationList;
			buildConfigurations = (
				9E4F307B2CC7CE61009C59A4 /* Debug */,
				9E4F307C2CC7CE61009C59A4 /* Release */,
			);
			defaultConfigurationIsVisible = 0;
			defaultConfigurationName = Release;
		};
/* End XCConfigurationList section */

/* Begin XCRemoteSwiftPackageReference section */
		9EB811C82CCE1FFC003C104D /* XCRemoteSwiftPackageReference "Moya" */ = {
			isa = XCRemoteSwiftPackageReference;
			repositoryURL = "https://github.com/Moya/Moya.git";
			requirement = {
				kind = upToNextMajorVersion;
				minimumVersion = 15.0.3;
			};
		};
/* End XCRemoteSwiftPackageReference section */

/* Begin XCSwiftPackageProductDependency section */
		9EB811C92CCE1FFC003C104D /* Moya */ = {
			isa = XCSwiftPackageProductDependency;
			package = 9EB811C82CCE1FFC003C104D /* XCRemoteSwiftPackageReference "Moya" */;
			productName = Moya;
		};
/* End XCSwiftPackageProductDependency section */
	};
	rootObject = 9E4F30642CC7CE5E009C59A4 /* Project object */;
}
